
Microsoft Visual Studio Solution File, Format Version 12.00
# Visual Studio Version 17
VisualStudioVersion = 17.1.32328.378
MinimumVisualStudioVersion = 10.0.40219.1
Project("{9A19103F-16F7-4668-BE54-9A1E7A4F7556}") = "EntityFrameworkCore.DatabaseFirst", "EntityFrameworkCore.DatabaseFirst\EntityFrameworkCore.DatabaseFirst.csproj", "{8859F557-1DF3-460C-BD5D-A0C0CA13771C}"
EndProject
Project("{9A19103F-16F7-4668-BE54-9A1E7A4F7556}") = "EntityFrameworkCore.DatabaseByScaffold", "EntityFrameworkCore.DatabaseByScaffold\EntityFrameworkCore.DatabaseByScaffold.csproj", "{C128F768-17CA-4BE5-837F-2BC92E8EEE55}"
EndProject
Project("{9A19103F-16F7-4668-BE54-9A1E7A4F7556}") = "EntityFrameworkCore.CodeFirst", "EntityFrameworkCore.CodeFirst\EntityFrameworkCore.CodeFirst.csproj", "{FAFC127B-B217-4C3F-8F19-FFF4EDA5A89A}"
EndProject
Project("{9A19103F-16F7-4668-BE54-9A1E7A4F7556}") = "EntityFrameworkCore.DbContext", "EntityFrameworkCore.DbContext\EntityFrameworkCore.DbContext.csproj", "{0BECD3F4-E965-464B-8F92-9E60DFC82F5E}"
EndProject
Project("{9A19103F-16F7-4668-BE54-9A1E7A4F7556}") = "EntityFrameworkCore.Relationships", "EntityFrameworkCore.Relationships\EntityFrameworkCore.Relationships.csproj", "{5D7E6F06-4A74-4DB3-AAAD-32EF012321E0}"
EndProject
Project("{2150E333-8FDC-42A3-9474-1A3956D46DE8}") = "Solution Items", "Solution Items", "{2DA37C07-C460-403A-B33F-4096D6414378}"
	ProjectSection(SolutionItems) = preProject
		.editorconfig = .editorconfig
	EndProjectSection
EndProject
Project("{9A19103F-16F7-4668-BE54-9A1E7A4F7556}") = "EntityFrameworkCore.DeleteBehaviors", "EntityFrameworkCore.DeleteBehaviors\EntityFrameworkCore.DeleteBehaviors.csproj", "{82CACBB5-0D1F-4401-AB71-0A312DFC2708}"
EndProject
Project("{9A19103F-16F7-4668-BE54-9A1E7A4F7556}") = "EntityFrameworkCore.DatabaseGeneratedAttribute", "EntityFrameworkCore.DatabaseGeneratedAttribute\EntityFrameworkCore.DatabaseGeneratedAttribute.csproj", "{9DF8E66E-E422-4A25-A035-71BDADDB84B0}"
EndProject
Project("{9A19103F-16F7-4668-BE54-9A1E7A4F7556}") = "EntityFrameworkCore.RelatedDataLoads", "EntityFrameworkCore.RelatedDataLoads\EntityFrameworkCore.RelatedDataLoads.csproj", "{05E1EA94-CA72-40B7-9D08-F9E1A664B8BC}"
EndProject
Project("{9A19103F-16F7-4668-BE54-9A1E7A4F7556}") = "EntityFrameworkCore.Hierarchy", "EntityFrameworkCore.Hierarchy\EntityFrameworkCore.Hierarchy.csproj", "{7E4C64D2-ECB4-4D5D-AB9F-1F085E3CF3D9}"
EndProject
Project("{9A19103F-16F7-4668-BE54-9A1E7A4F7556}") = "EntityFrameworkCore.Model", "EntityFrameworkCore.Model\EntityFrameworkCore.Model.csproj", "{61D84B3A-7F16-43D9-B315-73C351AC7A76}"
EndProject
Project("{9A19103F-16F7-4668-BE54-9A1E7A4F7556}") = "EntityFrameworkCore.Indexes", "EntityFrameworkCore.Indexes\EntityFrameworkCore.Indexes.csproj", "{CCAFBBB5-A76D-4D0B-8494-5466E316D356}"
EndProject
Project("{9A19103F-16F7-4668-BE54-9A1E7A4F7556}") = "EntityFrameworkCore.Query", "EntityFrameworkCore.Query\EntityFrameworkCore.Query.csproj", "{93E65CED-80AC-45AC-B3F3-E748EDDA2623}"
EndProject
Global
	GlobalSection(SolutionConfigurationPlatforms) = preSolution
		Debug|Any CPU = Debug|Any CPU
		Release|Any CPU = Release|Any CPU
	EndGlobalSection
	GlobalSection(ProjectConfigurationPlatforms) = postSolution
		{8859F557-1DF3-460C-BD5D-A0C0CA13771C}.Debug|Any CPU.ActiveCfg = Debug|Any CPU
		{8859F557-1DF3-460C-BD5D-A0C0CA13771C}.Debug|Any CPU.Build.0 = Debug|Any CPU
		{8859F557-1DF3-460C-BD5D-A0C0CA13771C}.Release|Any CPU.ActiveCfg = Release|Any CPU
		{8859F557-1DF3-460C-BD5D-A0C0CA13771C}.Release|Any CPU.Build.0 = Release|Any CPU
		{C128F768-17CA-4BE5-837F-2BC92E8EEE55}.Debug|Any CPU.ActiveCfg = Debug|Any CPU
		{C128F768-17CA-4BE5-837F-2BC92E8EEE55}.Debug|Any CPU.Build.0 = Debug|Any CPU
		{C128F768-17CA-4BE5-837F-2BC92E8EEE55}.Release|Any CPU.ActiveCfg = Release|Any CPU
		{C128F768-17CA-4BE5-837F-2BC92E8EEE55}.Release|Any CPU.Build.0 = Release|Any CPU
		{FAFC127B-B217-4C3F-8F19-FFF4EDA5A89A}.Debug|Any CPU.ActiveCfg = Debug|Any CPU
		{FAFC127B-B217-4C3F-8F19-FFF4EDA5A89A}.Debug|Any CPU.Build.0 = Debug|Any CPU
		{FAFC127B-B217-4C3F-8F19-FFF4EDA5A89A}.Release|Any CPU.ActiveCfg = Release|Any CPU
		{FAFC127B-B217-4C3F-8F19-FFF4EDA5A89A}.Release|Any CPU.Build.0 = Release|Any CPU
		{0BECD3F4-E965-464B-8F92-9E60DFC82F5E}.Debug|Any CPU.ActiveCfg = Debug|Any CPU
		{0BECD3F4-E965-464B-8F92-9E60DFC82F5E}.Debug|Any CPU.Build.0 = Debug|Any CPU
		{0BECD3F4-E965-464B-8F92-9E60DFC82F5E}.Release|Any CPU.ActiveCfg = Release|Any CPU
		{0BECD3F4-E965-464B-8F92-9E60DFC82F5E}.Release|Any CPU.Build.0 = Release|Any CPU
		{5D7E6F06-4A74-4DB3-AAAD-32EF012321E0}.Debug|Any CPU.ActiveCfg = Debug|Any CPU
		{5D7E6F06-4A74-4DB3-AAAD-32EF012321E0}.Debug|Any CPU.Build.0 = Debug|Any CPU
		{5D7E6F06-4A74-4DB3-AAAD-32EF012321E0}.Release|Any CPU.ActiveCfg = Release|Any CPU
		{5D7E6F06-4A74-4DB3-AAAD-32EF012321E0}.Release|Any CPU.Build.0 = Release|Any CPU
		{82CACBB5-0D1F-4401-AB71-0A312DFC2708}.Debug|Any CPU.ActiveCfg = Debug|Any CPU
		{82CACBB5-0D1F-4401-AB71-0A312DFC2708}.Debug|Any CPU.Build.0 = Debug|Any CPU
		{82CACBB5-0D1F-4401-AB71-0A312DFC2708}.Release|Any CPU.ActiveCfg = Release|Any CPU
		{82CACBB5-0D1F-4401-AB71-0A312DFC2708}.Release|Any CPU.Build.0 = Release|Any CPU
		{9DF8E66E-E422-4A25-A035-71BDADDB84B0}.Debug|Any CPU.ActiveCfg = Debug|Any CPU
		{9DF8E66E-E422-4A25-A035-71BDADDB84B0}.Debug|Any CPU.Build.0 = Debug|Any CPU
		{9DF8E66E-E422-4A25-A035-71BDADDB84B0}.Release|Any CPU.ActiveCfg = Release|Any CPU
		{9DF8E66E-E422-4A25-A035-71BDADDB84B0}.Release|Any CPU.Build.0 = Release|Any CPU
		{05E1EA94-CA72-40B7-9D08-F9E1A664B8BC}.Debug|Any CPU.ActiveCfg = Debug|Any CPU
		{05E1EA94-CA72-40B7-9D08-F9E1A664B8BC}.Debug|Any CPU.Build.0 = Debug|Any CPU
		{05E1EA94-CA72-40B7-9D08-F9E1A664B8BC}.Release|Any CPU.ActiveCfg = Release|Any CPU
		{05E1EA94-CA72-40B7-9D08-F9E1A664B8BC}.Release|Any CPU.Build.0 = Release|Any CPU
		{7E4C64D2-ECB4-4D5D-AB9F-1F085E3CF3D9}.Debug|Any CPU.ActiveCfg = Debug|Any CPU
		{7E4C64D2-ECB4-4D5D-AB9F-1F085E3CF3D9}.Debug|Any CPU.Build.0 = Debug|Any CPU
		{7E4C64D2-ECB4-4D5D-AB9F-1F085E3CF3D9}.Release|Any CPU.ActiveCfg = Release|Any CPU
		{7E4C64D2-ECB4-4D5D-AB9F-1F085E3CF3D9}.Release|Any CPU.Build.0 = Release|Any CPU
		{61D84B3A-7F16-43D9-B315-73C351AC7A76}.Debug|Any CPU.ActiveCfg = Debug|Any CPU
		{61D84B3A-7F16-43D9-B315-73C351AC7A76}.Debug|Any CPU.Build.0 = Debug|Any CPU
		{61D84B3A-7F16-43D9-B315-73C351AC7A76}.Release|Any CPU.ActiveCfg = Release|Any CPU
		{61D84B3A-7F16-43D9-B315-73C351AC7A76}.Release|Any CPU.Build.0 = Release|Any CPU
		{CCAFBBB5-A76D-4D0B-8494-5466E316D356}.Debug|Any CPU.ActiveCfg = Debug|Any CPU
		{CCAFBBB5-A76D-4D0B-8494-5466E316D356}.Debug|Any CPU.Build.0 = Debug|Any CPU
		{CCAFBBB5-A76D-4D0B-8494-5466E316D356}.Release|Any CPU.ActiveCfg = Release|Any CPU
		{CCAFBBB5-A76D-4D0B-8494-5466E316D356}.Release|Any CPU.Build.0 = Release|Any CPU
		{93E65CED-80AC-45AC-B3F3-E748EDDA2623}.Debug|Any CPU.ActiveCfg = Debug|Any CPU
		{93E65CED-80AC-45AC-B3F3-E748EDDA2623}.Debug|Any CPU.Build.0 = Debug|Any CPU
		{93E65CED-80AC-45AC-B3F3-E748EDDA2623}.Release|Any CPU.ActiveCfg = Release|Any CPU
		{93E65CED-80AC-45AC-B3F3-E748EDDA2623}.Release|Any CPU.Build.0 = Release|Any CPU
	EndGlobalSection
	GlobalSection(SolutionProperties) = preSolution
		HideSolutionNode = FALSE
	EndGlobalSection
	GlobalSection(ExtensibilityGlobals) = postSolution
		SolutionGuid = {CF7C128D-99FD-4D89-8629-2BAF70A46CE4}
	EndGlobalSection
EndGlobal
